# THIS IS AN AUTOGENERATED FILE. DO NOT EDIT THIS FILE DIRECTLY.
# yarn lockfile v1


"@noble/secp256k1@^1.2.14":
  version "1.7.0"
  resolved "https://registry.yarnpkg.com/@noble/secp256k1/-/secp256k1-1.7.0.tgz#d15357f7c227e751d90aa06b05a0e5cf993ba8c1"
  integrity sha512-kbacwGSsH/CTout0ZnZWxnW1B+jH/7r/WAAKLBtrRJ/+CUH7lgmQzl3GTrQua3SGKWNSDsS6lmjnDpIJ5Dxyaw==

nostr-emitter@^1.0.15:
  version "1.0.15"
  resolved "https://registry.yarnpkg.com/nostr-emitter/-/nostr-emitter-1.0.15.tgz#ba66d71d2bfaa2fbb172df3ecdd54fe5a09ebd37"
  integrity sha512-JI5MY3xvrCELRPtBWkIAxLzKsxgWlF5fKkwQVQdus2eC/bc79uFMt+p0jgu0bR89NkBPoAHYIturWlObH++Oeg==
  dependencies:
    "@noble/secp256k1" "^1.2.14"
    ws "^8.9.0"

ws@^8.9.0:
  version "8.9.0"
  resolved "https://registry.yarnpkg.com/ws/-/ws-8.9.0.tgz#2a994bb67144be1b53fe2d23c53c028adeb7f45e"
  integrity sha512-Ja7nszREasGaYUYCI2k4lCKIRTt+y7XuqVoHR44YpI49TtryyqbqvDMn5eqfW7e6HzTukDRIsXqzVHScqRcafg==
