# THIS IS AN AUTOGENERATED FILE. DO NOT EDIT THIS FILE DIRECTLY.
# yarn lockfile v1


"@cmdcode/nostr-emitter@^1.1.14":
  version "1.1.14"
  resolved "https://registry.yarnpkg.com/@cmdcode/nostr-emitter/-/nostr-emitter-1.1.14.tgz#747a561f2a45ce0972ceb0d5ad44bf4711756eb6"
  integrity sha512-zTdl7ujRDR2GMigNxIs6noOHpn942YMFt0tFhyJj3g5joqd75qJDArPjcuweZqwguVz+HlUEssMfGpaHCum83Q==
  dependencies:
    "@noble/secp256k1" "^1.2.14"
    ws "^8.9.0"

"@noble/secp256k1@^1.2.14":
  version "1.7.0"
  resolved "https://registry.yarnpkg.com/@noble/secp256k1/-/secp256k1-1.7.0.tgz#d15357f7c227e751d90aa06b05a0e5cf993ba8c1"
  integrity sha512-kbacwGSsH/CTout0ZnZWxnW1B+jH/7r/WAAKLBtrRJ/+CUH7lgmQzl3GTrQua3SGKWNSDsS6lmjnDpIJ5Dxyaw==

ws@^8.9.0:
  version "8.9.0"
  resolved "https://registry.yarnpkg.com/ws/-/ws-8.9.0.tgz#2a994bb67144be1b53fe2d23c53c028adeb7f45e"
  integrity sha512-Ja7nszREasGaYUYCI2k4lCKIRTt+y7XuqVoHR44YpI49TtryyqbqvDMn5eqfW7e6HzTukDRIsXqzVHScqRcafg==
